
Microsoft Visual Studio Solution File, Format Version 12.00
# Visual Studio Version 17
VisualStudioVersion = 17.4.33213.308
MinimumVisualStudioVersion = 10.0.40219.1
Project("{FAE04EC0-301F-11D3-BF4B-00C04F79EFBC}") = "L-PAK", "L-PAK\L-PAK.csproj", "{DEE51782-BDA8-4261-8DD0-B38C85D5305A}"
EndProject
Global
	GlobalSection(SolutionConfigurationPlatforms) = preSolution
		Debug|Any CPU = Debug|Any CPU
		Release|Any CPU = Release|Any CPU
	EndGlobalSection
	GlobalSection(ProjectConfigurationPlatforms) = postSolution
		{DEE51782-BDA8-4261-8DD0-B38C85D5305A}.Debug|Any CPU.ActiveCfg = Debug|Any CPU
		{DEE51782-BDA8-4261-8DD0-B38C85D5305A}.Debug|Any CPU.Build.0 = Debug|Any CPU
		{DEE51782-BDA8-4261-8DD0-B38C85D5305A}.Release|Any CPU.ActiveCfg = Release|Any CPU
		{DEE51782-BDA8-4261-8DD0-B38C85D5305A}.Release|Any CPU.Build.0 = Release|Any CPU
	EndGlobalSection
	GlobalSection(SolutionProperties) = preSolution
		HideSolutionNode = FALSE
	EndGlobalSection
	GlobalSection(ExtensibilityGlobals) = postSolution
		SolutionGuid = {1F3B2FC4-137B-417B-90F1-625100BFAEF4}
	EndGlobalSection
EndGlobal
